Microsoft Visual Studio Solution File, Format Version 12.00
# Visual Studio 2013
VisualStudioVersion = 12.0.31101.0
MinimumVisualStudioVersion = 10.0.40219.1
Project("{2150E333-8FDC-42A3-9474-1A3956D46DE8}") = ".paket", ".paket", "{63297B98-5CED-492C-A5B7-A5B4F73CF142}"
	ProjectSection(SolutionItems) = preProject
		paket.dependencies = paket.dependencies
		paket.lock = paket.lock
	EndProjectSection
EndProject
Project("{2150E333-8FDC-42A3-9474-1A3956D46DE8}") = "docs", "docs", "{A6A6AF7D-D6E3-442D-9B1E-58CC91879BE1}"
EndProject
Project("{F2A71F9B-5D33-465A-A702-920D77279786}") = "Eventful", "src\Eventful\Eventful.fsproj", "{55C123BE-D9CB-4ACB-A486-CCDCEF994F91}"
EndProject
Project("{2150E333-8FDC-42A3-9474-1A3956D46DE8}") = "project", "project", "{BF60BC93-E09B-4E5F-9D85-95A519479D54}"
	ProjectSection(SolutionItems) = preProject
		build.fsx = build.fsx
		nuget\Eventful.nuspec = nuget\Eventful.nuspec
		README.md = README.md
		RELEASE_NOTES.md = RELEASE_NOTES.md
	EndProjectSection
EndProject
Project("{2150E333-8FDC-42A3-9474-1A3956D46DE8}") = "tools", "tools", "{83F16175-43B1-4C90-A1EE-8E351C33435D}"
	ProjectSection(SolutionItems) = preProject
		docs\tools\generate.fsx = docs\tools\generate.fsx
		docs\tools\templates\template.cshtml = docs\tools\templates\template.cshtml
	EndProjectSection
EndProject
Project("{2150E333-8FDC-42A3-9474-1A3956D46DE8}") = "content", "content", "{8E6D5255-776D-4B61-85F9-73C37AA1FB9A}"
	ProjectSection(SolutionItems) = preProject
		docs\content\index.fsx = docs\content\index.fsx
		docs\content\tutorial.fsx = docs\content\tutorial.fsx
	EndProjectSection
EndProject
Project("{2150E333-8FDC-42A3-9474-1A3956D46DE8}") = "tests", "tests", "{ED8079DD-2B06-4030-9F0F-DC548F98E1C4}"
EndProject
Project("{F2A71F9B-5D33-465A-A702-920D77279786}") = "Eventful.Tests", "tests\Eventful.Tests\Eventful.Tests.fsproj", "{8614FCC0-02EB-40F6-AE55-3A85283B5B7D}"
	ProjectSection(ProjectDependencies) = postProject
		{F51BDE88-26A6-4866-B2EB-8ED2D3E10072} = {F51BDE88-26A6-4866-B2EB-8ED2D3E10072}
		{E31231D3-FD96-471A-99AC-13C3306490F8} = {E31231D3-FD96-471A-99AC-13C3306490F8}
	EndProjectSection
EndProject
Project("{F2A71F9B-5D33-465A-A702-920D77279786}") = "Eventful.Testing", "src\Eventful.Testing\Eventful.Testing.fsproj", "{F51BDE88-26A6-4866-B2EB-8ED2D3E10072}"
	ProjectSection(ProjectDependencies) = postProject
		{55C123BE-D9CB-4ACB-A486-CCDCEF994F91} = {55C123BE-D9CB-4ACB-A486-CCDCEF994F91}
	EndProjectSection
EndProject
Project("{F2A71F9B-5D33-465A-A702-920D77279786}") = "Eventful.EventStore", "src\Eventful.EventStore\Eventful.EventStore.fsproj", "{E31231D3-FD96-471A-99AC-13C3306490F8}"
	ProjectSection(ProjectDependencies) = postProject
		{55C123BE-D9CB-4ACB-A486-CCDCEF994F91} = {55C123BE-D9CB-4ACB-A486-CCDCEF994F91}
	EndProjectSection
EndProject
Project("{F2A71F9B-5D33-465A-A702-920D77279786}") = "Eventful.RavenDb", "src\Eventful.RavenDb\Eventful.RavenDb.fsproj", "{0A07BFFE-3CD9-4F12-B3CC-76AF78D7818B}"
	ProjectSection(ProjectDependencies) = postProject
		{55C123BE-D9CB-4ACB-A486-CCDCEF994F91} = {55C123BE-D9CB-4ACB-A486-CCDCEF994F91}
	EndProjectSection
EndProject
Project("{F2A71F9B-5D33-465A-A702-920D77279786}") = "Eventful.Neo4j", "src\Eventful.Neo4j\Eventful.Neo4j.fsproj", "{2A86F1ED-ED5F-494E-95C8-379D063E5EAE}"
	ProjectSection(ProjectDependencies) = postProject
		{55C123BE-D9CB-4ACB-A486-CCDCEF994F91} = {55C123BE-D9CB-4ACB-A486-CCDCEF994F91}
	EndProjectSection
EndProject
Project("{FAE04EC0-301F-11D3-BF4B-00C04F79EFBC}") = "Eventful.CsTests", "tests\Eventful.CsTests\Eventful.CsTests.csproj", "{132B4041-B569-43FC-A224-A1A5C40985B5}"
	ProjectSection(ProjectDependencies) = postProject
		{55C123BE-D9CB-4ACB-A486-CCDCEF994F91} = {55C123BE-D9CB-4ACB-A486-CCDCEF994F91}
	EndProjectSection
EndProject
Project("{F2A71F9B-5D33-465A-A702-920D77279786}") = "Eventful.Tests.Integration", "tests\Eventful.Tests.Integration\Eventful.Tests.Integration.fsproj", "{75A62BF1-BF6F-4439-85FF-395F319755D8}"
	ProjectSection(ProjectDependencies) = postProject
		{F51BDE88-26A6-4866-B2EB-8ED2D3E10072} = {F51BDE88-26A6-4866-B2EB-8ED2D3E10072}
		{55C123BE-D9CB-4ACB-A486-CCDCEF994F91} = {55C123BE-D9CB-4ACB-A486-CCDCEF994F91}
		{E31231D3-FD96-471A-99AC-13C3306490F8} = {E31231D3-FD96-471A-99AC-13C3306490F8}
		{2A86F1ED-ED5F-494E-95C8-379D063E5EAE} = {2A86F1ED-ED5F-494E-95C8-379D063E5EAE}
		{2C0C99FB-D551-4AFC-9007-0567796E4663} = {2C0C99FB-D551-4AFC-9007-0567796E4663}
		{0A07BFFE-3CD9-4F12-B3CC-76AF78D7818B} = {0A07BFFE-3CD9-4F12-B3CC-76AF78D7818B}
	EndProjectSection
EndProject
Project("{2150E333-8FDC-42A3-9474-1A3956D46DE8}") = "sample", "sample", "{D68E7885-0950-4402-BF5C-089A39A12246}"
EndProject
Project("{F2A71F9B-5D33-465A-A702-920D77279786}") = "BookLibrary", "sample\BookLibrary\BookLibrary.fsproj", "{2C0C99FB-D551-4AFC-9007-0567796E4663}"
EndProject
Global
	GlobalSection(SolutionConfigurationPlatforms) = preSolution
		Debug|Any CPU = Debug|Any CPU
		Release|Any CPU = Release|Any CPU
	EndGlobalSection
	GlobalSection(ProjectConfigurationPlatforms) = postSolution
		{55C123BE-D9CB-4ACB-A486-CCDCEF994F91}.Debug|Any CPU.ActiveCfg = Debug|Any CPU
		{55C123BE-D9CB-4ACB-A486-CCDCEF994F91}.Debug|Any CPU.Build.0 = Debug|Any CPU
		{55C123BE-D9CB-4ACB-A486-CCDCEF994F91}.Release|Any CPU.ActiveCfg = Release|Any CPU
		{55C123BE-D9CB-4ACB-A486-CCDCEF994F91}.Release|Any CPU.Build.0 = Release|Any CPU
		{8614FCC0-02EB-40F6-AE55-3A85283B5B7D}.Debug|Any CPU.ActiveCfg = Debug|Any CPU
		{8614FCC0-02EB-40F6-AE55-3A85283B5B7D}.Debug|Any CPU.Build.0 = Debug|Any CPU
		{8614FCC0-02EB-40F6-AE55-3A85283B5B7D}.Release|Any CPU.ActiveCfg = Release|Any CPU
		{8614FCC0-02EB-40F6-AE55-3A85283B5B7D}.Release|Any CPU.Build.0 = Release|Any CPU
		{F51BDE88-26A6-4866-B2EB-8ED2D3E10072}.Debug|Any CPU.ActiveCfg = Debug|Any CPU
		{F51BDE88-26A6-4866-B2EB-8ED2D3E10072}.Debug|Any CPU.Build.0 = Debug|Any CPU
		{F51BDE88-26A6-4866-B2EB-8ED2D3E10072}.Release|Any CPU.ActiveCfg = Release|Any CPU
		{F51BDE88-26A6-4866-B2EB-8ED2D3E10072}.Release|Any CPU.Build.0 = Release|Any CPU
		{E31231D3-FD96-471A-99AC-13C3306490F8}.Debug|Any CPU.ActiveCfg = Debug|Any CPU
		{E31231D3-FD96-471A-99AC-13C3306490F8}.Debug|Any CPU.Build.0 = Debug|Any CPU
		{E31231D3-FD96-471A-99AC-13C3306490F8}.Release|Any CPU.ActiveCfg = Release|Any CPU
		{E31231D3-FD96-471A-99AC-13C3306490F8}.Release|Any CPU.Build.0 = Release|Any CPU
		{0A07BFFE-3CD9-4F12-B3CC-76AF78D7818B}.Debug|Any CPU.ActiveCfg = Debug|Any CPU
		{0A07BFFE-3CD9-4F12-B3CC-76AF78D7818B}.Debug|Any CPU.Build.0 = Debug|Any CPU
		{0A07BFFE-3CD9-4F12-B3CC-76AF78D7818B}.Release|Any CPU.ActiveCfg = Release|Any CPU
		{0A07BFFE-3CD9-4F12-B3CC-76AF78D7818B}.Release|Any CPU.Build.0 = Release|Any CPU
		{2A86F1ED-ED5F-494E-95C8-379D063E5EAE}.Debug|Any CPU.ActiveCfg = Debug|Any CPU
		{2A86F1ED-ED5F-494E-95C8-379D063E5EAE}.Debug|Any CPU.Build.0 = Debug|Any CPU
		{2A86F1ED-ED5F-494E-95C8-379D063E5EAE}.Release|Any CPU.ActiveCfg = Release|Any CPU
		{2A86F1ED-ED5F-494E-95C8-379D063E5EAE}.Release|Any CPU.Build.0 = Release|Any CPU
		{132B4041-B569-43FC-A224-A1A5C40985B5}.Debug|Any CPU.ActiveCfg = Debug|Any CPU
		{132B4041-B569-43FC-A224-A1A5C40985B5}.Debug|Any CPU.Build.0 = Debug|Any CPU
		{132B4041-B569-43FC-A224-A1A5C40985B5}.Release|Any CPU.ActiveCfg = Release|Any CPU
		{132B4041-B569-43FC-A224-A1A5C40985B5}.Release|Any CPU.Build.0 = Release|Any CPU
		{75A62BF1-BF6F-4439-85FF-395F319755D8}.Debug|Any CPU.ActiveCfg = Debug|Any CPU
		{75A62BF1-BF6F-4439-85FF-395F319755D8}.Debug|Any CPU.Build.0 = Debug|Any CPU
		{75A62BF1-BF6F-4439-85FF-395F319755D8}.Release|Any CPU.ActiveCfg = Release|Any CPU
		{75A62BF1-BF6F-4439-85FF-395F319755D8}.Release|Any CPU.Build.0 = Release|Any CPU
		{2C0C99FB-D551-4AFC-9007-0567796E4663}.Debug|Any CPU.ActiveCfg = Debug|Any CPU
		{2C0C99FB-D551-4AFC-9007-0567796E4663}.Debug|Any CPU.Build.0 = Debug|Any CPU
		{2C0C99FB-D551-4AFC-9007-0567796E4663}.Release|Any CPU.ActiveCfg = Release|Any CPU
		{2C0C99FB-D551-4AFC-9007-0567796E4663}.Release|Any CPU.Build.0 = Release|Any CPU
	EndGlobalSection
	GlobalSection(SolutionProperties) = preSolution
		HideSolutionNode = FALSE
	EndGlobalSection
	GlobalSection(NestedProjects) = preSolution
		{83F16175-43B1-4C90-A1EE-8E351C33435D} = {A6A6AF7D-D6E3-442D-9B1E-58CC91879BE1}
		{8E6D5255-776D-4B61-85F9-73C37AA1FB9A} = {A6A6AF7D-D6E3-442D-9B1E-58CC91879BE1}
		{8614FCC0-02EB-40F6-AE55-3A85283B5B7D} = {ED8079DD-2B06-4030-9F0F-DC548F98E1C4}
		{132B4041-B569-43FC-A224-A1A5C40985B5} = {ED8079DD-2B06-4030-9F0F-DC548F98E1C4}
		{75A62BF1-BF6F-4439-85FF-395F319755D8} = {ED8079DD-2B06-4030-9F0F-DC548F98E1C4}
		{2C0C99FB-D551-4AFC-9007-0567796E4663} = {D68E7885-0950-4402-BF5C-089A39A12246}
	EndGlobalSection
EndGlobal
