
Microsoft Visual Studio Solution File, Format Version 12.00
# Visual Studio 2012
Project("{F2A71F9B-5D33-465A-A702-920D77279786}") = "Eventful", "Eventful\Eventful.fsproj", "{4C150478-A9FC-4010-9929-20312856CEAF}"
EndProject
Project("{F2A71F9B-5D33-465A-A702-920D77279786}") = "Eventful.Tests", "Eventful.Tests\Eventful.Tests.fsproj", "{08132179-EEA4-43FA-82E6-5E58B9F17473}"
EndProject
Global
	GlobalSection(SolutionConfigurationPlatforms) = preSolution
		Debug|Any CPU = Debug|Any CPU
		Release|Any CPU = Release|Any CPU
	EndGlobalSection
	GlobalSection(ProjectConfigurationPlatforms) = postSolution
		{4C150478-A9FC-4010-9929-20312856CEAF}.Debug|Any CPU.ActiveCfg = Debug|Any CPU
		{4C150478-A9FC-4010-9929-20312856CEAF}.Debug|Any CPU.Build.0 = Debug|Any CPU
		{4C150478-A9FC-4010-9929-20312856CEAF}.Release|Any CPU.ActiveCfg = Release|Any CPU
		{4C150478-A9FC-4010-9929-20312856CEAF}.Release|Any CPU.Build.0 = Release|Any CPU
		{08132179-EEA4-43FA-82E6-5E58B9F17473}.Debug|Any CPU.ActiveCfg = Debug|Any CPU
		{08132179-EEA4-43FA-82E6-5E58B9F17473}.Debug|Any CPU.Build.0 = Debug|Any CPU
		{08132179-EEA4-43FA-82E6-5E58B9F17473}.Release|Any CPU.ActiveCfg = Release|Any CPU
		{08132179-EEA4-43FA-82E6-5E58B9F17473}.Release|Any CPU.Build.0 = Release|Any CPU
	EndGlobalSection
	GlobalSection(SolutionProperties) = preSolution
		HideSolutionNode = FALSE
	EndGlobalSection
EndGlobal
