
Microsoft Visual Studio Solution File, Format Version 12.00
# Visual Studio 2013
VisualStudioVersion = 12.0.30723.0
MinimumVisualStudioVersion = 10.0.40219.1
Project("{2150E333-8FDC-42A3-9474-1A3956D46DE8}") = ".nuget", ".nuget", "{10EE85B7-9AC5-4BD1-AEB2-79FAC7740CE9}"
	ProjectSection(SolutionItems) = preProject
		.nuget\NuGet.Config = .nuget\NuGet.Config
		.nuget\NuGet.exe = .nuget\NuGet.exe
		.nuget\NuGet.targets = .nuget\NuGet.targets
		.nuget\packages.config = .nuget\packages.config
	EndProjectSection
EndProject
Project("{F2A71F9B-5D33-465A-A702-920D77279786}") = "Eventful", "Eventful\Eventful.fsproj", "{4C150478-A9FC-4010-9929-20312856CEAF}"
EndProject
Project("{F2A71F9B-5D33-465A-A702-920D77279786}") = "Eventful.Tests", "Eventful.Tests\Eventful.Tests.fsproj", "{08132179-EEA4-43FA-82E6-5E58B9F17473}"
EndProject
Project("{F2A71F9B-5D33-465A-A702-920D77279786}") = "Eventful.EventStore", "Eventful.EventStore\Eventful.EventStore.fsproj", "{AE510F33-D499-41AD-8EA6-6961AD7E2DFE}"
EndProject
Project("{F2A71F9B-5D33-465A-A702-920D77279786}") = "Eventful.ConsoleTest", "Eventful.ConsoleTest\Eventful.ConsoleTest.fsproj", "{0647DB3B-5F72-4F7A-8585-08A041A1E847}"
EndProject
Project("{FAE04EC0-301F-11D3-BF4B-00C04F79EFBC}") = "Eventful.CsTests", "Eventful.CsTests\Eventful.CsTests.csproj", "{8DCB39A0-A882-486A-B147-FC4B44A42F0A}"
EndProject
Project("{F2A71F9B-5D33-465A-A702-920D77279786}") = "Eventful.RavenDb", "Eventful.RavenDb\Eventful.RavenDb.fsproj", "{639B7247-67AE-4A1F-8B09-28BCF23BCE20}"
EndProject
Project("{F2A71F9B-5D33-465A-A702-920D77279786}") = "Eventful.Tests.Integration", "Eventful.Tests.Integration\Eventful.Tests.Integration.fsproj", "{AB8D41F5-147C-42A0-83D1-CF0676864431}"
EndProject
Project("{2150E333-8FDC-42A3-9474-1A3956D46DE8}") = "SampleApp", "SampleApp", "{35981068-F93F-407E-9580-0CB68919E4D0}"
EndProject
Project("{F2A71F9B-5D33-465A-A702-920D77279786}") = "SchoolReports", "SchoolReports\SchoolReports.fsproj", "{9B9270D8-ADF1-4249-98AC-F4BEA5BF4AC9}"
EndProject
Project("{F2A71F9B-5D33-465A-A702-920D77279786}") = "EmergencyRoom", "EmergencyRoom\EmergencyRoom.fsproj", "{58D3D665-0343-4D8C-90F2-BD46FE91AFF1}"
EndProject
Project("{FAE04EC0-301F-11D3-BF4B-00C04F79EFBC}") = "EmergencyRoom.Web", "EmergencyRoom.Web\EmergencyRoom.Web.csproj", "{569BCE12-BCD4-4BF9-B22B-68194E38F2DB}"
EndProject
Project("{F2A71F9B-5D33-465A-A702-920D77279786}") = "BookLibrary", "BookLibrary\BookLibrary.fsproj", "{FE210063-72A2-4653-B299-26A088A12C6E}"
EndProject
Project("{FAE04EC0-301F-11D3-BF4B-00C04F79EFBC}") = "BookLibrary.Web", "BookLibrary.Web\BookLibrary.Web.csproj", "{87FAB9FB-FDCC-49D4-9201-3F7542095469}"
EndProject
Global
	GlobalSection(SolutionConfigurationPlatforms) = preSolution
		Debug|Any CPU = Debug|Any CPU
		Release|Any CPU = Release|Any CPU
	EndGlobalSection
	GlobalSection(ProjectConfigurationPlatforms) = postSolution
		{4C150478-A9FC-4010-9929-20312856CEAF}.Debug|Any CPU.ActiveCfg = Debug|Any CPU
		{4C150478-A9FC-4010-9929-20312856CEAF}.Debug|Any CPU.Build.0 = Debug|Any CPU
		{4C150478-A9FC-4010-9929-20312856CEAF}.Release|Any CPU.ActiveCfg = Release|Any CPU
		{4C150478-A9FC-4010-9929-20312856CEAF}.Release|Any CPU.Build.0 = Release|Any CPU
		{08132179-EEA4-43FA-82E6-5E58B9F17473}.Debug|Any CPU.ActiveCfg = Debug|Any CPU
		{08132179-EEA4-43FA-82E6-5E58B9F17473}.Debug|Any CPU.Build.0 = Debug|Any CPU
		{08132179-EEA4-43FA-82E6-5E58B9F17473}.Release|Any CPU.ActiveCfg = Release|Any CPU
		{08132179-EEA4-43FA-82E6-5E58B9F17473}.Release|Any CPU.Build.0 = Release|Any CPU
		{AE510F33-D499-41AD-8EA6-6961AD7E2DFE}.Debug|Any CPU.ActiveCfg = Debug|Any CPU
		{AE510F33-D499-41AD-8EA6-6961AD7E2DFE}.Debug|Any CPU.Build.0 = Debug|Any CPU
		{AE510F33-D499-41AD-8EA6-6961AD7E2DFE}.Release|Any CPU.ActiveCfg = Release|Any CPU
		{AE510F33-D499-41AD-8EA6-6961AD7E2DFE}.Release|Any CPU.Build.0 = Release|Any CPU
		{0647DB3B-5F72-4F7A-8585-08A041A1E847}.Debug|Any CPU.ActiveCfg = Debug|Any CPU
		{0647DB3B-5F72-4F7A-8585-08A041A1E847}.Debug|Any CPU.Build.0 = Debug|Any CPU
		{0647DB3B-5F72-4F7A-8585-08A041A1E847}.Release|Any CPU.ActiveCfg = Release|Any CPU
		{0647DB3B-5F72-4F7A-8585-08A041A1E847}.Release|Any CPU.Build.0 = Release|Any CPU
		{8DCB39A0-A882-486A-B147-FC4B44A42F0A}.Debug|Any CPU.ActiveCfg = Debug|Any CPU
		{8DCB39A0-A882-486A-B147-FC4B44A42F0A}.Debug|Any CPU.Build.0 = Debug|Any CPU
		{8DCB39A0-A882-486A-B147-FC4B44A42F0A}.Release|Any CPU.ActiveCfg = Release|Any CPU
		{8DCB39A0-A882-486A-B147-FC4B44A42F0A}.Release|Any CPU.Build.0 = Release|Any CPU
		{639B7247-67AE-4A1F-8B09-28BCF23BCE20}.Debug|Any CPU.ActiveCfg = Debug|Any CPU
		{639B7247-67AE-4A1F-8B09-28BCF23BCE20}.Debug|Any CPU.Build.0 = Debug|Any CPU
		{639B7247-67AE-4A1F-8B09-28BCF23BCE20}.Release|Any CPU.ActiveCfg = Release|Any CPU
		{639B7247-67AE-4A1F-8B09-28BCF23BCE20}.Release|Any CPU.Build.0 = Release|Any CPU
		{AB8D41F5-147C-42A0-83D1-CF0676864431}.Debug|Any CPU.ActiveCfg = Debug|Any CPU
		{AB8D41F5-147C-42A0-83D1-CF0676864431}.Debug|Any CPU.Build.0 = Debug|Any CPU
		{AB8D41F5-147C-42A0-83D1-CF0676864431}.Release|Any CPU.ActiveCfg = Release|Any CPU
		{AB8D41F5-147C-42A0-83D1-CF0676864431}.Release|Any CPU.Build.0 = Release|Any CPU
		{9B9270D8-ADF1-4249-98AC-F4BEA5BF4AC9}.Debug|Any CPU.ActiveCfg = Debug|Any CPU
		{9B9270D8-ADF1-4249-98AC-F4BEA5BF4AC9}.Debug|Any CPU.Build.0 = Debug|Any CPU
		{9B9270D8-ADF1-4249-98AC-F4BEA5BF4AC9}.Release|Any CPU.ActiveCfg = Release|Any CPU
		{9B9270D8-ADF1-4249-98AC-F4BEA5BF4AC9}.Release|Any CPU.Build.0 = Release|Any CPU
		{58D3D665-0343-4D8C-90F2-BD46FE91AFF1}.Debug|Any CPU.ActiveCfg = Debug|Any CPU
		{58D3D665-0343-4D8C-90F2-BD46FE91AFF1}.Debug|Any CPU.Build.0 = Debug|Any CPU
		{58D3D665-0343-4D8C-90F2-BD46FE91AFF1}.Release|Any CPU.ActiveCfg = Release|Any CPU
		{58D3D665-0343-4D8C-90F2-BD46FE91AFF1}.Release|Any CPU.Build.0 = Release|Any CPU
		{569BCE12-BCD4-4BF9-B22B-68194E38F2DB}.Debug|Any CPU.ActiveCfg = Debug|Any CPU
		{569BCE12-BCD4-4BF9-B22B-68194E38F2DB}.Debug|Any CPU.Build.0 = Debug|Any CPU
		{569BCE12-BCD4-4BF9-B22B-68194E38F2DB}.Release|Any CPU.ActiveCfg = Release|Any CPU
		{569BCE12-BCD4-4BF9-B22B-68194E38F2DB}.Release|Any CPU.Build.0 = Release|Any CPU
		{FE210063-72A2-4653-B299-26A088A12C6E}.Debug|Any CPU.ActiveCfg = Debug|Any CPU
		{FE210063-72A2-4653-B299-26A088A12C6E}.Debug|Any CPU.Build.0 = Debug|Any CPU
		{FE210063-72A2-4653-B299-26A088A12C6E}.Release|Any CPU.ActiveCfg = Release|Any CPU
		{FE210063-72A2-4653-B299-26A088A12C6E}.Release|Any CPU.Build.0 = Release|Any CPU
		{87FAB9FB-FDCC-49D4-9201-3F7542095469}.Debug|Any CPU.ActiveCfg = Debug|Any CPU
		{87FAB9FB-FDCC-49D4-9201-3F7542095469}.Debug|Any CPU.Build.0 = Debug|Any CPU
		{87FAB9FB-FDCC-49D4-9201-3F7542095469}.Release|Any CPU.ActiveCfg = Release|Any CPU
		{87FAB9FB-FDCC-49D4-9201-3F7542095469}.Release|Any CPU.Build.0 = Release|Any CPU
	EndGlobalSection
	GlobalSection(SolutionProperties) = preSolution
		HideSolutionNode = FALSE
	EndGlobalSection
	GlobalSection(NestedProjects) = preSolution
		{9B9270D8-ADF1-4249-98AC-F4BEA5BF4AC9} = {35981068-F93F-407E-9580-0CB68919E4D0}
		{58D3D665-0343-4D8C-90F2-BD46FE91AFF1} = {35981068-F93F-407E-9580-0CB68919E4D0}
		{569BCE12-BCD4-4BF9-B22B-68194E38F2DB} = {35981068-F93F-407E-9580-0CB68919E4D0}
		{FE210063-72A2-4653-B299-26A088A12C6E} = {35981068-F93F-407E-9580-0CB68919E4D0}
		{87FAB9FB-FDCC-49D4-9201-3F7542095469} = {35981068-F93F-407E-9580-0CB68919E4D0}
	EndGlobalSection
EndGlobal
